
Microsoft Visual Studio Solution File, Format Version 12.00
# Visual Studio Version 16
VisualStudioVersion = 16.0.810.6
MinimumVisualStudioVersion = 10.0.40219.1
Project("{FAE04EC0-301F-11D3-BF4B-00C04F79EFBC}") = "TextRPG_cs", "TextRPG_cs\TextRPG_cs.csproj", "{54BDE947-7041-4133-B805-3624DAE1468E}"
EndProject
Global
	GlobalSection(SolutionConfigurationPlatforms) = preSolution
		Debug|Any CPU = Debug|Any CPU
		Release|Any CPU = Release|Any CPU
	EndGlobalSection
	GlobalSection(ProjectConfigurationPlatforms) = postSolution
		{54BDE947-7041-4133-B805-3624DAE1468E}.Debug|Any CPU.ActiveCfg = Debug|Any CPU
		{54BDE947-7041-4133-B805-3624DAE1468E}.Debug|Any CPU.Build.0 = Debug|Any CPU
		{54BDE947-7041-4133-B805-3624DAE1468E}.Release|Any CPU.ActiveCfg = Release|Any CPU
		{54BDE947-7041-4133-B805-3624DAE1468E}.Release|Any CPU.Build.0 = Release|Any CPU
	EndGlobalSection
	GlobalSection(SolutionProperties) = preSolution
		HideSolutionNode = FALSE
	EndGlobalSection
	GlobalSection(ExtensibilityGlobals) = postSolution
		SolutionGuid = {F11E46A7-4375-4BE9-A363-0F00001D3902}
	EndGlobalSection
EndGlobal
